
Microsoft Visual Studio Solution File, Format Version 12.00
# Visual Studio Version 17
VisualStudioVersion = 17.9.34902.65
MinimumVisualStudioVersion = 10.0.40219.1
Project("{FAE04EC0-301F-11D3-BF4B-00C04F79EFBC}") = "VersionUpdater", "VersionUpdater\VersionUpdater.csproj", "{7F4EA60D-6E36-4FAA-AC3A-6099D292ADD3}"
EndProject
Global
	GlobalSection(SolutionConfigurationPlatforms) = preSolution
		Debug|Any CPU = Debug|Any CPU
		Release|Any CPU = Release|Any CPU
	EndGlobalSection
	GlobalSection(ProjectConfigurationPlatforms) = postSolution
		{7F4EA60D-6E36-4FAA-AC3A-6099D292ADD3}.Debug|Any CPU.ActiveCfg = Debug|Any CPU
		{7F4EA60D-6E36-4FAA-AC3A-6099D292ADD3}.Debug|Any CPU.Build.0 = Debug|Any CPU
		{7F4EA60D-6E36-4FAA-AC3A-6099D292ADD3}.Release|Any CPU.ActiveCfg = Release|Any CPU
		{7F4EA60D-6E36-4FAA-AC3A-6099D292ADD3}.Release|Any CPU.Build.0 = Release|Any CPU
	EndGlobalSection
	GlobalSection(SolutionProperties) = preSolution
		HideSolutionNode = FALSE
	EndGlobalSection
	GlobalSection(ExtensibilityGlobals) = postSolution
		SolutionGuid = {AE5BFCF6-FFFD-4B68-839C-9553811EA922}
	EndGlobalSection
EndGlobal
